
Microsoft Visual Studio Solution File, Format Version 12.00
# Visual Studio Version 17
VisualStudioVersion = 17.14.36616.10 d17.14
MinimumVisualStudioVersion = 10.0.40219.1
Project("{F184B08F-C81C-45F6-A57F-5ABD9991F28F}") = "program_movielogger(UAS)", "program_movielogger(UAS).vbproj", "{CAB9A672-D420-4319-9A93-138FBEE4D5CD}"
EndProject
Global
	GlobalSection(SolutionConfigurationPlatforms) = preSolution
		Debug|Any CPU = Debug|Any CPU
		Release|Any CPU = Release|Any CPU
	EndGlobalSection
	GlobalSection(ProjectConfigurationPlatforms) = postSolution
		{CAB9A672-D420-4319-9A93-138FBEE4D5CD}.Debug|Any CPU.ActiveCfg = Debug|Any CPU
		{CAB9A672-D420-4319-9A93-138FBEE4D5CD}.Debug|Any CPU.Build.0 = Debug|Any CPU
		{CAB9A672-D420-4319-9A93-138FBEE4D5CD}.Release|Any CPU.ActiveCfg = Release|Any CPU
		{CAB9A672-D420-4319-9A93-138FBEE4D5CD}.Release|Any CPU.Build.0 = Release|Any CPU
	EndGlobalSection
	GlobalSection(SolutionProperties) = preSolution
		HideSolutionNode = FALSE
	EndGlobalSection
	GlobalSection(ExtensibilityGlobals) = postSolution
		SolutionGuid = {B493A944-8730-4D19-82D5-539B64E006E7}
	EndGlobalSection
EndGlobal
